// !$*UTF8*$!
{
	archiveVersion = 1;
	classes = {
	};
	objectVersion = 46;
	objects = {

/* Begin PBXBuildFile section */
		5C3493C57CBC917EF4C84C5D /* BYTCountInteractor.m in Sources */ = {isa = PBXBuildFile; fileRef = 5C3493D4FE514DC583B3B2E9 /* BYTCountInteractor.m */; };
		5C3493D6011519C8C7BF6A87 /* RootWireframe.m in Sources */ = {isa = PBXBuildFile; fileRef = 5C349DCC5CF3925516A70026 /* RootWireframe.m */; };
		5C3493FCD32F6846EE432E04 /* BYTCountViewController.xib in Resources */ = {isa = PBXBuildFile; fileRef = 5C349141E1558164074247FE /* BYTCountViewController.xib */; };
		5C3495BF52F67A324B9ACAA1 /* BYTCountWireframe.m in Sources */ = {isa = PBXBuildFile; fileRef = 5C349BF77DB66C428536D8BC /* BYTCountWireframe.m */; };
		5C349777761D8BEC7C4D3DB7 /* BYTCountViewController.m in Sources */ = {isa = PBXBuildFile; fileRef = 5C3490304A9F8606C745CD47 /* BYTCountViewController.m */; };
		5C3499B344893C50F8BD0801 /* BYTAppDependencies.m in Sources */ = {isa = PBXBuildFile; fileRef = 5C3492E240F31AC2F3D0766C /* BYTAppDependencies.m */; };
		5C349AE52A903BC4D54A69D3 /* BYTCountPresenter.m in Sources */ = {isa = PBXBuildFile; fileRef = 5C349EF1D8F5676FD75ECEAD /* BYTCountPresenter.m */; };
		5C349B794BD7053D96D3E113 /* NSNumberFormatter+BYT.m in Sources */ = {isa = PBXBuildFile; fileRef = 5C349E88B6CECEE22D562281 /* NSNumberFormatter+BYT.m */; };
		9BD44D45B2755C065B4FC25B /* libPods-Counter.a in Frameworks */ = {isa = PBXBuildFile; fileRef = 0BD246DD10D317045C9F7D00 /* libPods-Counter.a */; };
		CF6FA881197AD41300B2B172 /* XCTest.framework in Frameworks */ = {isa = PBXBuildFile; fileRef = CF6FA87A197AD02100B2B172 /* XCTest.framework */; };
		CF6FA882197AD41300B2B172 /* Foundation.framework in Frameworks */ = {isa = PBXBuildFile; fileRef = CFBFC3AE17C6A41D00004DE1 /* Foundation.framework */; };
		CF6FA883197AD41300B2B172 /* UIKit.framework in Frameworks */ = {isa = PBXBuildFile; fileRef = CFBFC3AC17C6A41D00004DE1 /* UIKit.framework */; };
		CF6FA889197AD41300B2B172 /* InfoPlist.strings in Resources */ = {isa = PBXBuildFile; fileRef = CF6FA887197AD41300B2B172 /* InfoPlist.strings */; };
		CF6FA892197AD44600B2B172 /* BYTCountInteractorTests.m in Sources */ = {isa = PBXBuildFile; fileRef = CFBFC3E717C6A63500004DE1 /* BYTCountInteractorTests.m */; };
		CF6FA893197AD44600B2B172 /* BYTCountPresenterTests.m in Sources */ = {isa = PBXBuildFile; fileRef = CF0DB9A817C7D9B20062B5F6 /* BYTCountPresenterTests.m */; };
		CF6FA894197AD44600B2B172 /* BYTCountViewControllerTests.m in Sources */ = {isa = PBXBuildFile; fileRef = CF0DB9AE17C837390062B5F6 /* BYTCountViewControllerTests.m */; };
		CFBFC3AD17C6A41D00004DE1 /* UIKit.framework in Frameworks */ = {isa = PBXBuildFile; fileRef = CFBFC3AC17C6A41D00004DE1 /* UIKit.framework */; };
		CFBFC3AF17C6A41D00004DE1 /* Foundation.framework in Frameworks */ = {isa = PBXBuildFile; fileRef = CFBFC3AE17C6A41D00004DE1 /* Foundation.framework */; };
		CFBFC3B117C6A41D00004DE1 /* CoreGraphics.framework in Frameworks */ = {isa = PBXBuildFile; fileRef = CFBFC3B017C6A41D00004DE1 /* CoreGraphics.framework */; };
		CFBFC3B717C6A41D00004DE1 /* InfoPlist.strings in Resources */ = {isa = PBXBuildFile; fileRef = CFBFC3B517C6A41D00004DE1 /* InfoPlist.strings */; };
		CFBFC3B917C6A41D00004DE1 /* main.m in Sources */ = {isa = PBXBuildFile; fileRef = CFBFC3B817C6A41D00004DE1 /* main.m */; };
		CFBFC3BD17C6A41D00004DE1 /* BYTAppDelegate.m in Sources */ = {isa = PBXBuildFile; fileRef = CFBFC3BC17C6A41D00004DE1 /* BYTAppDelegate.m */; };
		CFBFC3BF17C6A41D00004DE1 /* Default.png in Resources */ = {isa = PBXBuildFile; fileRef = CFBFC3BE17C6A41D00004DE1 /* Default.png */; };
		CFBFC3C117C6A41D00004DE1 /* Default@2x.png in Resources */ = {isa = PBXBuildFile; fileRef = CFBFC3C017C6A41D00004DE1 /* Default@2x.png */; };
		CFBFC3C317C6A41D00004DE1 /* Default-568h@2x.png in Resources */ = {isa = PBXBuildFile; fileRef = CFBFC3C217C6A41D00004DE1 /* Default-568h@2x.png */; };
/* End PBXBuildFile section */

/* Begin PBXContainerItemProxy section */
		CF6FA88D197AD41300B2B172 /* PBXContainerItemProxy */ = {
			isa = PBXContainerItemProxy;
			containerPortal = CFBFC3A117C6A41D00004DE1 /* Project object */;
			proxyType = 1;
			remoteGlobalIDString = CFBFC3A817C6A41D00004DE1;
			remoteInfo = Counter;
		};
/* End PBXContainerItemProxy section */

/* Begin PBXFileReference section */
		0BD246DD10D317045C9F7D00 /* libPods-Counter.a */ = {isa = PBXFileReference; explicitFileType = archive.ar; includeInIndex = 0; path = "libPods-Counter.a"; sourceTree = BUILT_PRODUCTS_DIR; };
		13C02C60B3ADF80AFC03A6C7 /* Pods-Counter.debug.xcconfig */ = {isa = PBXFileReference; includeInIndex = 1; lastKnownFileType = text.xcconfig; name = "Pods-Counter.debug.xcconfig"; path = "Pods/Target Support Files/Pods-Counter/Pods-Counter.debug.xcconfig"; sourceTree = "<group>"; };
		372E975EB451DB9286F60A72 /* Pods-Counter.release.xcconfig */ = {isa = PBXFileReference; includeInIndex = 1; lastKnownFileType = text.xcconfig; name = "Pods-Counter.release.xcconfig"; path = "Pods/Target Support Files/Pods-Counter/Pods-Counter.release.xcconfig"; sourceTree = "<group>"; };
		5C3490304A9F8606C745CD47 /* BYTCountViewController.m */ = {isa = PBXFileReference; fileEncoding = 4; lastKnownFileType = sourcecode.c.objc; path = BYTCountViewController.m; sourceTree = "<group>"; };
		5C3490BF9A7F3FC9D6461A95 /* NSNumberFormatter+BYT.h */ = {isa = PBXFileReference; fileEncoding = 4; lastKnownFileType = sourcecode.c.h; path = "NSNumberFormatter+BYT.h"; sourceTree = "<group>"; };
		5C349141E1558164074247FE /* BYTCountViewController.xib */ = {isa = PBXFileReference; lastKnownFileType = file.xib; path = BYTCountViewController.xib; sourceTree = "<group>"; };
		5C3491D95CBADB5E4EE1069A /* BYTCountInteractor.h */ = {isa = PBXFileReference; fileEncoding = 4; lastKnownFileType = sourcecode.c.h; path = BYTCountInteractor.h; sourceTree = "<group>"; };
		5C3492E240F31AC2F3D0766C /* BYTAppDependencies.m */ = {isa = PBXFileReference; fileEncoding = 4; lastKnownFileType = sourcecode.c.objc; path = BYTAppDependencies.m; sourceTree = "<group>"; };
		5C3493D4FE514DC583B3B2E9 /* BYTCountInteractor.m */ = {isa = PBXFileReference; fileEncoding = 4; lastKnownFileType = sourcecode.c.objc; path = BYTCountInteractor.m; sourceTree = "<group>"; };
		5C3494C1EFE4B94D1DC21C7B /* RootWireframe.h */ = {isa = PBXFileReference; fileEncoding = 4; lastKnownFileType = sourcecode.c.h; path = RootWireframe.h; sourceTree = "<group>"; };
		5C349501DFD41176D758B315 /* BYTCountWireframe.h */ = {isa = PBXFileReference; fileEncoding = 4; lastKnownFileType = sourcecode.c.h; path = BYTCountWireframe.h; sourceTree = "<group>"; };
		5C3496CB8EBC2D7B0A7564FA /* BYTAppDependencies.h */ = {isa = PBXFileReference; fileEncoding = 4; lastKnownFileType = sourcecode.c.h; path = BYTAppDependencies.h; sourceTree = "<group>"; };
		5C3497A7CF374AFE06A290F3 /* BYTCountPresenter.h */ = {isa = PBXFileReference; fileEncoding = 4; lastKnownFileType = sourcecode.c.h; path = BYTCountPresenter.h; sourceTree = "<group>"; };
		5C34998CCC4CE713BBEB7A86 /* BYTCountInteractorIO.h */ = {isa = PBXFileReference; fileEncoding = 4; lastKnownFileType = sourcecode.c.h; path = BYTCountInteractorIO.h; sourceTree = "<group>"; };
		5C349A360D485038350A0156 /* BYTCountPresenterProtocol.h */ = {isa = PBXFileReference; fileEncoding = 4; lastKnownFileType = sourcecode.c.h; path = BYTCountPresenterProtocol.h; sourceTree = "<group>"; };
		5C349AA32AA1A5C7759EF2BD /* BYTCountViewController.h */ = {isa = PBXFileReference; fileEncoding = 4; lastKnownFileType = sourcecode.c.h; path = BYTCountViewController.h; sourceTree = "<group>"; };
		5C349BF77DB66C428536D8BC /* BYTCountWireframe.m */ = {isa = PBXFileReference; fileEncoding = 4; lastKnownFileType = sourcecode.c.objc; path = BYTCountWireframe.m; sourceTree = "<group>"; };
		5C349DCC5CF3925516A70026 /* RootWireframe.m */ = {isa = PBXFileReference; fileEncoding = 4; lastKnownFileType = sourcecode.c.objc; path = RootWireframe.m; sourceTree = "<group>"; };
		5C349DF19B60D290C73A682E /* BYTCountViewProtocol.h */ = {isa = PBXFileReference; fileEncoding = 4; lastKnownFileType = sourcecode.c.h; path = BYTCountViewProtocol.h; sourceTree = "<group>"; };
		5C349E88B6CECEE22D562281 /* NSNumberFormatter+BYT.m */ = {isa = PBXFileReference; fileEncoding = 4; lastKnownFileType = sourcecode.c.objc; path = "NSNumberFormatter+BYT.m"; sourceTree = "<group>"; };
		5C349EF1D8F5676FD75ECEAD /* BYTCountPresenter.m */ = {isa = PBXFileReference; fileEncoding = 4; lastKnownFileType = sourcecode.c.objc; path = BYTCountPresenter.m; sourceTree = "<group>"; };
		5C349FEEABC0F7FE45BC0493 /* PJCategoriesHeader.h */ = {isa = PBXFileReference; fileEncoding = 4; lastKnownFileType = sourcecode.c.h; path = PJCategoriesHeader.h; sourceTree = "<group>"; };
		CF0DB9A817C7D9B20062B5F6 /* BYTCountPresenterTests.m */ = {isa = PBXFileReference; fileEncoding = 4; lastKnownFileType = sourcecode.c.objc; name = BYTCountPresenterTests.m; path = ../CounterTests/BYTCountPresenterTests.m; sourceTree = "<group>"; };
		CF0DB9AE17C837390062B5F6 /* BYTCountViewControllerTests.m */ = {isa = PBXFileReference; fileEncoding = 4; lastKnownFileType = sourcecode.c.objc; name = BYTCountViewControllerTests.m; path = ../CounterTests/BYTCountViewControllerTests.m; sourceTree = "<group>"; };
		CF6FA87A197AD02100B2B172 /* XCTest.framework */ = {isa = PBXFileReference; lastKnownFileType = wrapper.framework; name = XCTest.framework; path = Library/Frameworks/XCTest.framework; sourceTree = DEVELOPER_DIR; };
		CF6FA880197AD41300B2B172 /* Counter Tests.xctest */ = {isa = PBXFileReference; explicitFileType = wrapper.cfbundle; includeInIndex = 0; path = "Counter Tests.xctest"; sourceTree = BUILT_PRODUCTS_DIR; };
		CF6FA886197AD41300B2B172 /* Counter Tests-Info.plist */ = {isa = PBXFileReference; lastKnownFileType = text.plist.xml; path = "Counter Tests-Info.plist"; sourceTree = "<group>"; };
		CF6FA888197AD41300B2B172 /* en */ = {isa = PBXFileReference; lastKnownFileType = text.plist.strings; name = en; path = en.lproj/InfoPlist.strings; sourceTree = "<group>"; };
		CF6FA88C197AD41300B2B172 /* Counter Tests-Prefix.pch */ = {isa = PBXFileReference; lastKnownFileType = sourcecode.c.h; path = "Counter Tests-Prefix.pch"; sourceTree = "<group>"; };
		CFBFC3A917C6A41D00004DE1 /* Counter.app */ = {isa = PBXFileReference; explicitFileType = wrapper.application; includeInIndex = 0; path = Counter.app; sourceTree = BUILT_PRODUCTS_DIR; };
		CFBFC3AC17C6A41D00004DE1 /* UIKit.framework */ = {isa = PBXFileReference; lastKnownFileType = wrapper.framework; name = UIKit.framework; path = System/Library/Frameworks/UIKit.framework; sourceTree = SDKROOT; };
		CFBFC3AE17C6A41D00004DE1 /* Foundation.framework */ = {isa = PBXFileReference; lastKnownFileType = wrapper.framework; name = Foundation.framework; path = System/Library/Frameworks/Foundation.framework; sourceTree = SDKROOT; };
		CFBFC3B017C6A41D00004DE1 /* CoreGraphics.framework */ = {isa = PBXFileReference; lastKnownFileType = wrapper.framework; name = CoreGraphics.framework; path = System/Library/Frameworks/CoreGraphics.framework; sourceTree = SDKROOT; };
		CFBFC3B417C6A41D00004DE1 /* Counter-Info.plist */ = {isa = PBXFileReference; lastKnownFileType = text.plist.xml; path = "Counter-Info.plist"; sourceTree = "<group>"; };
		CFBFC3B617C6A41D00004DE1 /* en */ = {isa = PBXFileReference; lastKnownFileType = text.plist.strings; name = en; path = en.lproj/InfoPlist.strings; sourceTree = "<group>"; };
		CFBFC3B817C6A41D00004DE1 /* main.m */ = {isa = PBXFileReference; lastKnownFileType = sourcecode.c.objc; path = main.m; sourceTree = "<group>"; };
		CFBFC3BA17C6A41D00004DE1 /* Counter-Prefix.pch */ = {isa = PBXFileReference; lastKnownFileType = sourcecode.c.h; path = "Counter-Prefix.pch"; sourceTree = "<group>"; };
		CFBFC3BB17C6A41D00004DE1 /* BYTAppDelegate.h */ = {isa = PBXFileReference; lastKnownFileType = sourcecode.c.h; path = BYTAppDelegate.h; sourceTree = "<group>"; };
		CFBFC3BC17C6A41D00004DE1 /* BYTAppDelegate.m */ = {isa = PBXFileReference; lastKnownFileType = sourcecode.c.objc; path = BYTAppDelegate.m; sourceTree = "<group>"; };
		CFBFC3BE17C6A41D00004DE1 /* Default.png */ = {isa = PBXFileReference; lastKnownFileType = image.png; path = Default.png; sourceTree = "<group>"; };
		CFBFC3C017C6A41D00004DE1 /* Default@2x.png */ = {isa = PBXFileReference; lastKnownFileType = image.png; path = "Default@2x.png"; sourceTree = "<group>"; };
		CFBFC3C217C6A41D00004DE1 /* Default-568h@2x.png */ = {isa = PBXFileReference; lastKnownFileType = image.png; path = "Default-568h@2x.png"; sourceTree = "<group>"; };
		CFBFC3E717C6A63500004DE1 /* BYTCountInteractorTests.m */ = {isa = PBXFileReference; fileEncoding = 4; lastKnownFileType = sourcecode.c.objc; name = BYTCountInteractorTests.m; path = ../CounterTests/BYTCountInteractorTests.m; sourceTree = "<group>"; };
/* End PBXFileReference section */

/* Begin PBXFrameworksBuildPhase section */
		CF6FA87D197AD41300B2B172 /* Frameworks */ = {
			isa = PBXFrameworksBuildPhase;
			buildActionMask = 2147483647;
			files = (
				CF6FA881197AD41300B2B172 /* XCTest.framework in Frameworks */,
				CF6FA883197AD41300B2B172 /* UIKit.framework in Frameworks */,
				CF6FA882197AD41300B2B172 /* Foundation.framework in Frameworks */,
			);
			runOnlyForDeploymentPostprocessing = 0;
		};
		CFBFC3A617C6A41D00004DE1 /* Frameworks */ = {
			isa = PBXFrameworksBuildPhase;
			buildActionMask = 2147483647;
			files = (
				CFBFC3AD17C6A41D00004DE1 /* UIKit.framework in Frameworks */,
				CFBFC3AF17C6A41D00004DE1 /* Foundation.framework in Frameworks */,
				CFBFC3B117C6A41D00004DE1 /* CoreGraphics.framework in Frameworks */,
				9BD44D45B2755C065B4FC25B /* libPods-Counter.a in Frameworks */,
			);
			runOnlyForDeploymentPostprocessing = 0;
		};
/* End PBXFrameworksBuildPhase section */

/* Begin PBXGroup section */
		5C3490822823C4A0F7A96160 /* Utils */ = {
			isa = PBXGroup;
			children = (
			);
			path = Utils;
			sourceTree = "<group>";
		};
		5C3490BA73F0568FA812951E /* V */ = {
			isa = PBXGroup;
			children = (
				5C349AA32AA1A5C7759EF2BD /* BYTCountViewController.h */,
				5C3490304A9F8606C745CD47 /* BYTCountViewController.m */,
				5C349141E1558164074247FE /* BYTCountViewController.xib */,
				5C34936345BE31FDA4738AB0 /* V_Protocol */,
			);
			name = V;
			sourceTree = "<group>";
		};
		5C34936345BE31FDA4738AB0 /* V_Protocol */ = {
			isa = PBXGroup;
			children = (
				5C349DF19B60D290C73A682E /* BYTCountViewProtocol.h */,
			);
			name = V_Protocol;
			sourceTree = "<group>";
		};
		5C3493737A83C0EDDECDD5B7 /* I */ = {
			isa = PBXGroup;
			children = (
				5C34963C61C5C9D18B954AB0 /* IO_Protocol */,
				5C3491D95CBADB5E4EE1069A /* BYTCountInteractor.h */,
				5C3493D4FE514DC583B3B2E9 /* BYTCountInteractor.m */,
			);
			path = I;
			sourceTree = "<group>";
		};
		5C34963C61C5C9D18B954AB0 /* IO_Protocol */ = {
			isa = PBXGroup;
			children = (
				5C34998CCC4CE713BBEB7A86 /* BYTCountInteractorIO.h */,
			);
			path = IO_Protocol;
			sourceTree = "<group>";
		};
		5C3496B4C5BE5E3E2AF02752 /* Wireframe */ = {
			isa = PBXGroup;
			children = (
				5C3494C1EFE4B94D1DC21C7B /* RootWireframe.h */,
				5C349DCC5CF3925516A70026 /* RootWireframe.m */,
			);
			path = Wireframe;
			sourceTree = "<group>";
		};
		5C3496EA40827068A73C0AA2 /* P_Protocol */ = {
			isa = PBXGroup;
			children = (
				5C349A360D485038350A0156 /* BYTCountPresenterProtocol.h */,
			);
			name = P_Protocol;
			sourceTree = "<group>";
		};
		5C34971865B90E237ACE2AFA /* Categories */ = {
			isa = PBXGroup;
			children = (
				5C349E88B6CECEE22D562281 /* NSNumberFormatter+BYT.m */,
				5C3490BF9A7F3FC9D6461A95 /* NSNumberFormatter+BYT.h */,
				5C349FEEABC0F7FE45BC0493 /* PJCategoriesHeader.h */,
			);
			path = Categories;
			sourceTree = "<group>";
		};
		5C3497F6405BA91623F88532 /* Store */ = {
			isa = PBXGroup;
			children = (
			);
			path = Store;
			sourceTree = "<group>";
		};
		5C349BB72AA30140E994CE69 /* P */ = {
			isa = PBXGroup;
			children = (
				5C349EF1D8F5676FD75ECEAD /* BYTCountPresenter.m */,
				5C3497A7CF374AFE06A290F3 /* BYTCountPresenter.h */,
				5C3496EA40827068A73C0AA2 /* P_Protocol */,
			);
			path = P;
			sourceTree = "<group>";
		};
		5C349C056443D7DCADB618D7 /* Model */ = {
			isa = PBXGroup;
			children = (
			);
			path = Model;
			sourceTree = "<group>";
		};
		5C349DBB9FDC57D20081EB20 /* R */ = {
			isa = PBXGroup;
			children = (
				5C349BF77DB66C428536D8BC /* BYTCountWireframe.m */,
				5C349501DFD41176D758B315 /* BYTCountWireframe.h */,
			);
			name = R;
			sourceTree = "<group>";
		};
		5C349E1F3BA12F7EEEA2EE78 /* Modules */ = {
			isa = PBXGroup;
			children = (
				5C349F93A629CDD410106AC3 /* Counter */,
			);
			name = Modules;
			sourceTree = "<group>";
		};
		5C349EAF41B05E4F15A650D8 /* Common */ = {
			isa = PBXGroup;
			children = (
				5C349C056443D7DCADB618D7 /* Model */,
				5C3497F6405BA91623F88532 /* Store */,
				5C3490822823C4A0F7A96160 /* Utils */,
				5C3496B4C5BE5E3E2AF02752 /* Wireframe */,
				5C34971865B90E237ACE2AFA /* Categories */,
			);
			path = Common;
			sourceTree = "<group>";
		};
		5C349F93A629CDD410106AC3 /* Counter */ = {
			isa = PBXGroup;
			children = (
				5C3493737A83C0EDDECDD5B7 /* I */,
				5C349BB72AA30140E994CE69 /* P */,
				5C3490BA73F0568FA812951E /* V */,
				5C349DBB9FDC57D20081EB20 /* R */,
			);
			name = Counter;
			sourceTree = "<group>";
		};
		CF6FA884197AD41300B2B172 /* Counter Tests */ = {
			isa = PBXGroup;
			children = (
				CFBFC3E717C6A63500004DE1 /* BYTCountInteractorTests.m */,
				CF0DB9A817C7D9B20062B5F6 /* BYTCountPresenterTests.m */,
				CF0DB9AE17C837390062B5F6 /* BYTCountViewControllerTests.m */,
				CF6FA885197AD41300B2B172 /* Supporting Files */,
			);
			path = "Counter Tests";
			sourceTree = "<group>";
		};
		CF6FA885197AD41300B2B172 /* Supporting Files */ = {
			isa = PBXGroup;
			children = (
				CF6FA886197AD41300B2B172 /* Counter Tests-Info.plist */,
				CF6FA887197AD41300B2B172 /* InfoPlist.strings */,
				CF6FA88C197AD41300B2B172 /* Counter Tests-Prefix.pch */,
			);
			name = "Supporting Files";
			sourceTree = "<group>";
		};
		CFBFC3A017C6A41D00004DE1 = {
			isa = PBXGroup;
			children = (
				CFBFC3B217C6A41D00004DE1 /* Counter */,
				CF6FA884197AD41300B2B172 /* Counter Tests */,
				CFBFC3AB17C6A41D00004DE1 /* Frameworks */,
				CFBFC3AA17C6A41D00004DE1 /* Products */,
				F61306E17672DFF5BD4032F8 /* Pods */,
			);
			sourceTree = "<group>";
		};
		CFBFC3AA17C6A41D00004DE1 /* Products */ = {
			isa = PBXGroup;
			children = (
				CFBFC3A917C6A41D00004DE1 /* Counter.app */,
				CF6FA880197AD41300B2B172 /* Counter Tests.xctest */,
			);
			name = Products;
			sourceTree = "<group>";
		};
		CFBFC3AB17C6A41D00004DE1 /* Frameworks */ = {
			isa = PBXGroup;
			children = (
				CF6FA87A197AD02100B2B172 /* XCTest.framework */,
				CFBFC3AC17C6A41D00004DE1 /* UIKit.framework */,
				CFBFC3AE17C6A41D00004DE1 /* Foundation.framework */,
				CFBFC3B017C6A41D00004DE1 /* CoreGraphics.framework */,
				0BD246DD10D317045C9F7D00 /* libPods-Counter.a */,
			);
			name = Frameworks;
			sourceTree = "<group>";
		};
		CFBFC3B217C6A41D00004DE1 /* Counter */ = {
			isa = PBXGroup;
			children = (
				CFBFC3BB17C6A41D00004DE1 /* BYTAppDelegate.h */,
				CFBFC3BC17C6A41D00004DE1 /* BYTAppDelegate.m */,
				CFBFC3B317C6A41D00004DE1 /* Supporting Files */,
				5C349EAF41B05E4F15A650D8 /* Common */,
				5C349E1F3BA12F7EEEA2EE78 /* Modules */,
				5C3492E240F31AC2F3D0766C /* BYTAppDependencies.m */,
				5C3496CB8EBC2D7B0A7564FA /* BYTAppDependencies.h */,
			);
			path = Counter;
			sourceTree = "<group>";
		};
		CFBFC3B317C6A41D00004DE1 /* Supporting Files */ = {
			isa = PBXGroup;
			children = (
				CFBFC3B417C6A41D00004DE1 /* Counter-Info.plist */,
				CFBFC3B517C6A41D00004DE1 /* InfoPlist.strings */,
				CFBFC3B817C6A41D00004DE1 /* main.m */,
				CFBFC3BA17C6A41D00004DE1 /* Counter-Prefix.pch */,
				CFBFC3BE17C6A41D00004DE1 /* Default.png */,
				CFBFC3C017C6A41D00004DE1 /* Default@2x.png */,
				CFBFC3C217C6A41D00004DE1 /* Default-568h@2x.png */,
			);
			name = "Supporting Files";
			sourceTree = "<group>";
		};
		F61306E17672DFF5BD4032F8 /* Pods */ = {
			isa = PBXGroup;
			children = (
				13C02C60B3ADF80AFC03A6C7 /* Pods-Counter.debug.xcconfig */,
				372E975EB451DB9286F60A72 /* Pods-Counter.release.xcconfig */,
			);
			name = Pods;
			sourceTree = "<group>";
		};
/* End PBXGroup section */

/* Begin PBXNativeTarget section */
		CF6FA87F197AD41300B2B172 /* Counter Tests */ = {
			isa = PBXNativeTarget;
			buildConfigurationList = CF6FA88F197AD41300B2B172 /* Build configuration list for PBXNativeTarget "Counter Tests" */;
			buildPhases = (
				CF6FA87C197AD41300B2B172 /* Sources */,
				CF6FA87D197AD41300B2B172 /* Frameworks */,
				CF6FA87E197AD41300B2B172 /* Resources */,
			);
			buildRules = (
			);
			dependencies = (
				CF6FA88E197AD41300B2B172 /* PBXTargetDependency */,
			);
			name = "Counter Tests";
			productName = "Counter Tests";
			productReference = CF6FA880197AD41300B2B172 /* Counter Tests.xctest */;
			productType = "com.apple.product-type.bundle.unit-test";
		};
		CFBFC3A817C6A41D00004DE1 /* Counter */ = {
			isa = PBXNativeTarget;
			buildConfigurationList = CFBFC3E117C6A41D00004DE1 /* Build configuration list for PBXNativeTarget "Counter" */;
			buildPhases = (
				C2A9DCE885E6716E112E4943 /* Check Pods Manifest.lock */,
				CFBFC3A517C6A41D00004DE1 /* Sources */,
				CFBFC3A617C6A41D00004DE1 /* Frameworks */,
				CFBFC3A717C6A41D00004DE1 /* Resources */,
				D3634674C05D786AF622DAA6 /* Embed Pods Frameworks */,
				C5F8187F5EA53E397C5CE310 /* Copy Pods Resources */,
			);
			buildRules = (
			);
			dependencies = (
			);
			name = Counter;
			productName = Counter;
			productReference = CFBFC3A917C6A41D00004DE1 /* Counter.app */;
			productType = "com.apple.product-type.application";
		};
/* End PBXNativeTarget section */

/* Begin PBXProject section */
		CFBFC3A117C6A41D00004DE1 /* Project object */ = {
			isa = PBXProject;
			attributes = {
				CLASSPREFIX = CNT;
				LastUpgradeCheck = 0720;
				ORGANIZATIONNAME = "Mutual Mobile";
				TargetAttributes = {
					CF6FA87F197AD41300B2B172 = {
						TestTargetID = CFBFC3A817C6A41D00004DE1;
					};
				};
			};
			buildConfigurationList = CFBFC3A417C6A41D00004DE1 /* Build configuration list for PBXProject "Counter" */;
			compatibilityVersion = "Xcode 3.2";
			developmentRegion = English;
			hasScannedForEncodings = 0;
			knownRegions = (
				en,
			);
			mainGroup = CFBFC3A017C6A41D00004DE1;
			productRefGroup = CFBFC3AA17C6A41D00004DE1 /* Products */;
			projectDirPath = "";
			projectRoot = "";
			targets = (
				CFBFC3A817C6A41D00004DE1 /* Counter */,
				CF6FA87F197AD41300B2B172 /* Counter Tests */,
			);
		};
/* End PBXProject section */

/* Begin PBXResourcesBuildPhase section */
		CF6FA87E197AD41300B2B172 /* Resources */ = {
			isa = PBXResourcesBuildPhase;
			buildActionMask = 2147483647;
			files = (
				CF6FA889197AD41300B2B172 /* InfoPlist.strings in Resources */,
			);
			runOnlyForDeploymentPostprocessing = 0;
		};
		CFBFC3A717C6A41D00004DE1 /* Resources */ = {
			isa = PBXResourcesBuildPhase;
			buildActionMask = 2147483647;
			files = (
				CFBFC3B717C6A41D00004DE1 /* InfoPlist.strings in Resources */,
				CFBFC3BF17C6A41D00004DE1 /* Default.png in Resources */,
				CFBFC3C117C6A41D00004DE1 /* Default@2x.png in Resources */,
				CFBFC3C317C6A41D00004DE1 /* Default-568h@2x.png in Resources */,
				5C3493FCD32F6846EE432E04 /* BYTCountViewController.xib in Resources */,
			);
			runOnlyForDeploymentPostprocessing = 0;
		};
/* End PBXResourcesBuildPhase section */

/* Begin PBXShellScriptBuildPhase section */
		C2A9DCE885E6716E112E4943 /* Check Pods Manifest.lock */ = {
			isa = PBXShellScriptBuildPhase;
			buildActionMask = 2147483647;
			files = (
			);
			inputPaths = (
			);
			name = "Check Pods Manifest.lock";
			outputPaths = (
			);
			runOnlyForDeploymentPostprocessing = 0;
			shellPath = /bin/sh;
			shellScript = "diff \"${PODS_ROOT}/../Podfile.lock\" \"${PODS_ROOT}/Manifest.lock\" > /dev/null\nif [[ $? != 0 ]] ; then\n    cat << EOM\nerror: The sandbox is not in sync with the Podfile.lock. Run 'pod install' or update your CocoaPods installation.\nEOM\n    exit 1\nfi\n";
			showEnvVarsInLog = 0;
		};
		C5F8187F5EA53E397C5CE310 /* Copy Pods Resources */ = {
			isa = PBXShellScriptBuildPhase;
			buildActionMask = 2147483647;
			files = (
			);
			inputPaths = (
			);
			name = "Copy Pods Resources";
			outputPaths = (
			);
			runOnlyForDeploymentPostprocessing = 0;
			shellPath = /bin/sh;
			shellScript = "\"${SRCROOT}/Pods/Target Support Files/Pods-Counter/Pods-Counter-resources.sh\"\n";
			showEnvVarsInLog = 0;
		};
		D3634674C05D786AF622DAA6 /* Embed Pods Frameworks */ = {
			isa = PBXShellScriptBuildPhase;
			buildActionMask = 2147483647;
			files = (
			);
			inputPaths = (
			);
			name = "Embed Pods Frameworks";
			outputPaths = (
			);
			runOnlyForDeploymentPostprocessing = 0;
			shellPath = /bin/sh;
			shellScript = "\"${SRCROOT}/Pods/Target Support Files/Pods-Counter/Pods-Counter-frameworks.sh\"\n";
			showEnvVarsInLog = 0;
		};
/* End PBXShellScriptBuildPhase section */

/* Begin PBXSourcesBuildPhase section */
		CF6FA87C197AD41300B2B172 /* Sources */ = {
			isa = PBXSourcesBuildPhase;
			buildActionMask = 2147483647;
			files = (
				CF6FA893197AD44600B2B172 /* BYTCountPresenterTests.m in Sources */,
				CF6FA894197AD44600B2B172 /* BYTCountViewControllerTests.m in Sources */,
				CF6FA892197AD44600B2B172 /* BYTCountInteractorTests.m in Sources */,
			);
			runOnlyForDeploymentPostprocessing = 0;
		};
		CFBFC3A517C6A41D00004DE1 /* Sources */ = {
			isa = PBXSourcesBuildPhase;
			buildActionMask = 2147483647;
			files = (
				CFBFC3B917C6A41D00004DE1 /* main.m in Sources */,
				CFBFC3BD17C6A41D00004DE1 /* BYTAppDelegate.m in Sources */,
				5C3493D6011519C8C7BF6A87 /* RootWireframe.m in Sources */,
				5C349B794BD7053D96D3E113 /* NSNumberFormatter+BYT.m in Sources */,
				5C3493C57CBC917EF4C84C5D /* BYTCountInteractor.m in Sources */,
				5C349AE52A903BC4D54A69D3 /* BYTCountPresenter.m in Sources */,
				5C349777761D8BEC7C4D3DB7 /* BYTCountViewController.m in Sources */,
				5C3499B344893C50F8BD0801 /* BYTAppDependencies.m in Sources */,
				5C3495BF52F67A324B9ACAA1 /* BYTCountWireframe.m in Sources */,
			);
			runOnlyForDeploymentPostprocessing = 0;
		};
/* End PBXSourcesBuildPhase section */

/* Begin PBXTargetDependency section */
		CF6FA88E197AD41300B2B172 /* PBXTargetDependency */ = {
			isa = PBXTargetDependency;
			target = CFBFC3A817C6A41D00004DE1 /* Counter */;
			targetProxy = CF6FA88D197AD41300B2B172 /* PBXContainerItemProxy */;
		};
/* End PBXTargetDependency section */

/* Begin PBXVariantGroup section */
		CF6FA887197AD41300B2B172 /* InfoPlist.strings */ = {
			isa = PBXVariantGroup;
			children = (
				CF6FA888197AD41300B2B172 /* en */,
			);
			name = InfoPlist.strings;
			sourceTree = "<group>";
		};
		CFBFC3B517C6A41D00004DE1 /* InfoPlist.strings */ = {
			isa = PBXVariantGroup;
			children = (
				CFBFC3B617C6A41D00004DE1 /* en */,
			);
			name = InfoPlist.strings;
			sourceTree = "<group>";
		};
/* End PBXVariantGroup section */

/* Begin XCBuildConfiguration section */
		CF6FA890197AD41300B2B172 /* Debug */ = {
			isa = XCBuildConfiguration;
			buildSettings = {
				BUNDLE_LOADER = "$(BUILT_PRODUCTS_DIR)/Counter.app/Counter";
				CLANG_ENABLE_MODULES = YES;
				CLANG_WARN_BOOL_CONVERSION = YES;
				CLANG_WARN_DIRECT_OBJC_ISA_USAGE = YES_ERROR;
				CLANG_WARN_OBJC_ROOT_CLASS = YES_ERROR;
				FRAMEWORK_SEARCH_PATHS = (
					"$(SDKROOT)/Developer/Library/Frameworks",
					"$(inherited)",
					"$(DEVELOPER_FRAMEWORKS_DIR)",
				);
				GCC_PRECOMPILE_PREFIX_HEADER = YES;
				GCC_PREFIX_HEADER = "Counter Tests/Counter Tests-Prefix.pch";
				GCC_PREPROCESSOR_DEFINITIONS = (
					"DEBUG=1",
					"$(inherited)",
				);
				GCC_WARN_64_TO_32_BIT_CONVERSION = YES;
				GCC_WARN_ABOUT_RETURN_TYPE = YES_ERROR;
				GCC_WARN_UNDECLARED_SELECTOR = YES;
				GCC_WARN_UNINITIALIZED_AUTOS = YES_AGGRESSIVE;
				GCC_WARN_UNUSED_FUNCTION = YES;
				INFOPLIST_FILE = "Counter Tests/Counter Tests-Info.plist";
				IPHONEOS_DEPLOYMENT_TARGET = 7.1;
				PRODUCT_BUNDLE_IDENTIFIER = "com.mutualmobile.${PRODUCT_NAME:rfc1034identifier}";
				PRODUCT_NAME = "$(TARGET_NAME)";
				TEST_HOST = "$(BUNDLE_LOADER)";
				WRAPPER_EXTENSION = xctest;
			};
			name = Debug;
		};
		CF6FA891197AD41300B2B172 /* Release */ = {
			isa = XCBuildConfiguration;
			buildSettings = {
				BUNDLE_LOADER = "$(BUILT_PRODUCTS_DIR)/Counter.app/Counter";
				CLANG_ENABLE_MODULES = YES;
				CLANG_WARN_BOOL_CONVERSION = YES;
				CLANG_WARN_DIRECT_OBJC_ISA_USAGE = YES_ERROR;
				CLANG_WARN_OBJC_ROOT_CLASS = YES_ERROR;
				ENABLE_NS_ASSERTIONS = NO;
				FRAMEWORK_SEARCH_PATHS = (
					"$(SDKROOT)/Developer/Library/Frameworks",
					"$(inherited)",
					"$(DEVELOPER_FRAMEWORKS_DIR)",
				);
				GCC_PRECOMPILE_PREFIX_HEADER = YES;
				GCC_PREFIX_HEADER = "Counter Tests/Counter Tests-Prefix.pch";
				GCC_WARN_64_TO_32_BIT_CONVERSION = YES;
				GCC_WARN_ABOUT_RETURN_TYPE = YES_ERROR;
				GCC_WARN_UNDECLARED_SELECTOR = YES;
				GCC_WARN_UNINITIALIZED_AUTOS = YES_AGGRESSIVE;
				GCC_WARN_UNUSED_FUNCTION = YES;
				INFOPLIST_FILE = "Counter Tests/Counter Tests-Info.plist";
				IPHONEOS_DEPLOYMENT_TARGET = 7.1;
				PRODUCT_BUNDLE_IDENTIFIER = "com.mutualmobile.${PRODUCT_NAME:rfc1034identifier}";
				PRODUCT_NAME = "$(TARGET_NAME)";
				TEST_HOST = "$(BUNDLE_LOADER)";
				WRAPPER_EXTENSION = xctest;
			};
			name = Release;
		};
		CFBFC3DF17C6A41D00004DE1 /* Debug */ = {
			isa = XCBuildConfiguration;
			buildSettings = {
				ALWAYS_SEARCH_USER_PATHS = NO;
				CLANG_CXX_LANGUAGE_STANDARD = "gnu++0x";
				CLANG_CXX_LIBRARY = "libc++";
				CLANG_ENABLE_OBJC_ARC = YES;
				CLANG_WARN_CONSTANT_CONVERSION = YES;
				CLANG_WARN_EMPTY_BODY = YES;
				CLANG_WARN_ENUM_CONVERSION = YES;
				CLANG_WARN_INT_CONVERSION = YES;
				CLANG_WARN__DUPLICATE_METHOD_MATCH = YES;
				"CODE_SIGN_IDENTITY[sdk=iphoneos*]" = "iPhone Developer";
				COPY_PHASE_STRIP = NO;
				ENABLE_TESTABILITY = YES;
				GCC_C_LANGUAGE_STANDARD = gnu99;
				GCC_DYNAMIC_NO_PIC = NO;
				GCC_OPTIMIZATION_LEVEL = 0;
				GCC_PREPROCESSOR_DEFINITIONS = (
					"DEBUG=1",
					"$(inherited)",
				);
				GCC_SYMBOLS_PRIVATE_EXTERN = NO;
				GCC_WARN_ABOUT_RETURN_TYPE = YES;
				GCC_WARN_UNINITIALIZED_AUTOS = YES;
				GCC_WARN_UNUSED_VARIABLE = YES;
				IPHONEOS_DEPLOYMENT_TARGET = 7.1;
				ONLY_ACTIVE_ARCH = YES;
				SDKROOT = iphoneos;
			};
			name = Debug;
		};
		CFBFC3E017C6A41D00004DE1 /* Release */ = {
			isa = XCBuildConfiguration;
			buildSettings = {
				ALWAYS_SEARCH_USER_PATHS = NO;
				CLANG_CXX_LANGUAGE_STANDARD = "gnu++0x";
				CLANG_CXX_LIBRARY = "libc++";
				CLANG_ENABLE_OBJC_ARC = YES;
				CLANG_WARN_CONSTANT_CONVERSION = YES;
				CLANG_WARN_EMPTY_BODY = YES;
				CLANG_WARN_ENUM_CONVERSION = YES;
				CLANG_WARN_INT_CONVERSION = YES;
				CLANG_WARN__DUPLICATE_METHOD_MATCH = YES;
				"CODE_SIGN_IDENTITY[sdk=iphoneos*]" = "iPhone Developer";
				COPY_PHASE_STRIP = YES;
				GCC_C_LANGUAGE_STANDARD = gnu99;
				GCC_WARN_ABOUT_RETURN_TYPE = YES;
				GCC_WARN_UNINITIALIZED_AUTOS = YES;
				GCC_WARN_UNUSED_VARIABLE = YES;
				IPHONEOS_DEPLOYMENT_TARGET = 7.1;
				OTHER_CFLAGS = "-DNS_BLOCK_ASSERTIONS=1";
				SDKROOT = iphoneos;
				VALIDATE_PRODUCT = YES;
			};
			name = Release;
		};
		CFBFC3E217C6A41D00004DE1 /* Debug */ = {
			isa = XCBuildConfiguration;
			baseConfigurationReference = 13C02C60B3ADF80AFC03A6C7 /* Pods-Counter.debug.xcconfig */;
			buildSettings = {
				GCC_PRECOMPILE_PREFIX_HEADER = YES;
				GCC_PREFIX_HEADER = "Counter/Counter-Prefix.pch";
				INFOPLIST_FILE = "Counter/Counter-Info.plist";
				PRODUCT_BUNDLE_IDENTIFIER = com.gah.Counter;
				PRODUCT_NAME = "$(TARGET_NAME)";
				WRAPPER_EXTENSION = app;
			};
			name = Debug;
		};
		CFBFC3E317C6A41D00004DE1 /* Release */ = {
			isa = XCBuildConfiguration;
			baseConfigurationReference = 372E975EB451DB9286F60A72 /* Pods-Counter.release.xcconfig */;
			buildSettings = {
				GCC_PRECOMPILE_PREFIX_HEADER = YES;
				GCC_PREFIX_HEADER = "Counter/Counter-Prefix.pch";
				INFOPLIST_FILE = "Counter/Counter-Info.plist";
				PRODUCT_BUNDLE_IDENTIFIER = com.gah.Counter;
				PRODUCT_NAME = "$(TARGET_NAME)";
				WRAPPER_EXTENSION = app;
			};
			name = Release;
		};
/* End XCBuildConfiguration section */

/* Begin XCConfigurationList section */
		CF6FA88F197AD41300B2B172 /* Build configuration list for PBXNativeTarget "Counter Tests" */ = {
			isa = XCConfigurationList;
			buildConfigurations = (
				CF6FA890197AD41300B2B172 /* Debug */,
				CF6FA891197AD41300B2B172 /* Release */,
			);
			defaultConfigurationIsVisible = 0;
			defaultConfigurationName = Release;
		};
		CFBFC3A417C6A41D00004DE1 /* Build configuration list for PBXProject "Counter" */ = {
			isa = XCConfigurationList;
			buildConfigurations = (
				CFBFC3DF17C6A41D00004DE1 /* Debug */,
				CFBFC3E017C6A41D00004DE1 /* Release */,
			);
			defaultConfigurationIsVisible = 0;
			defaultConfigurationName = Release;
		};
		CFBFC3E117C6A41D00004DE1 /* Build configuration list for PBXNativeTarget "Counter" */ = {
			isa = XCConfigurationList;
			buildConfigurations = (
				CFBFC3E217C6A41D00004DE1 /* Debug */,
				CFBFC3E317C6A41D00004DE1 /* Release */,
			);
			defaultConfigurationIsVisible = 0;
			defaultConfigurationName = Release;
		};
/* End XCConfigurationList section */
	};
	rootObject = CFBFC3A117C6A41D00004DE1 /* Project object */;
}
